
Microsoft Visual Studio Solution File, Format Version 12.00
# RemObjects Fire
Project("{656346D9-4656-40DA-A068-22D5425D4639}") = "org.me.androidapplication", "org.me.androidapplication.elements", "{9065B2E4-7B4E-46F2-9457-AF344291392A}"
EndProject
Global
	GlobalSection(SolutionConfigurationPlatforms) = preSolution
		Debug|AnyCPU = Debug|AnyCPU
		Release|AnyCPU = Release|AnyCPU
	EndGlobalSection
	GlobalSection(ProjectConfigurationPlatforms) = postSolution
		{9065B2E4-7B4E-46F2-9457-AF344291392A}.Debug|AnyCPU.ActiveCfg = Debug|AnyCPU
		{9065B2E4-7B4E-46F2-9457-AF344291392A}.Debug|AnyCPU.Build.0 = Debug|AnyCPU
		{9065B2E4-7B4E-46F2-9457-AF344291392A}.Release|AnyCPU.ActiveCfg = Release|AnyCPU
		{9065B2E4-7B4E-46F2-9457-AF344291392A}.Release|AnyCPU.Build.0 = Release|AnyCPU
	EndGlobalSection
	GlobalSection(SolutionProperties) = preSolution
		HideSolutionNode = FALSE
	EndGlobalSection
EndGlobal